// !$*UTF8*$!
{
	archiveVersion = 1;
	classes = {
	};
	objectVersion = 46;
	objects = {

/* Begin PBXBuildFile section */
		5F7238EC1DB029070090C537 /* AppDelegate.swift in Sources */ = {isa = PBXBuildFile; fileRef = 5F7238EB1DB029070090C537 /* AppDelegate.swift */; };
		5F7238EE1DB029070090C537 /* ViewController.swift in Sources */ = {isa = PBXBuildFile; fileRef = 5F7238ED1DB029070090C537 /* ViewController.swift */; };
		5F7238F11DB029070090C537 /* Main.storyboard in Resources */ = {isa = PBXBuildFile; fileRef = 5F7238EF1DB029070090C537 /* Main.storyboard */; };
		5F7238F31DB029070090C537 /* Assets.xcassets in Resources */ = {isa = PBXBuildFile; fileRef = 5F7238F21DB029070090C537 /* Assets.xcassets */; };
		5F7238F61DB029070090C537 /* LaunchScreen.storyboard in Resources */ = {isa = PBXBuildFile; fileRef = 5F7238F41DB029070090C537 /* LaunchScreen.storyboard */; };
		5F72390C1DB02EE30090C537 /* ToDoItemTests.swift in Sources */ = {isa = PBXBuildFile; fileRef = 5F72390B1DB02EE30090C537 /* ToDoItemTests.swift */; };
		5F7239101DB032EA0090C537 /* ToDoItem.swift in Sources */ = {isa = PBXBuildFile; fileRef = 5F72390F1DB032EA0090C537 /* ToDoItem.swift */; };
		5F7239121DB03DF10090C537 /* Location.swift in Sources */ = {isa = PBXBuildFile; fileRef = 5F7239111DB03DF10090C537 /* Location.swift */; };
		5F7239141DB040CA0090C537 /* LocationTests.swift in Sources */ = {isa = PBXBuildFile; fileRef = 5F7239131DB040CA0090C537 /* LocationTests.swift */; };
		5F7239161DB049310090C537 /* ItemManagerTests.swift in Sources */ = {isa = PBXBuildFile; fileRef = 5F7239151DB049310090C537 /* ItemManagerTests.swift */; };
		5F7239181DB04A170090C537 /* ItemManager.swift in Sources */ = {isa = PBXBuildFile; fileRef = 5F7239171DB04A170090C537 /* ItemManager.swift */; };
/* End PBXBuildFile section */

/* Begin PBXContainerItemProxy section */
		5F7238FD1DB029070090C537 /* PBXContainerItemProxy */ = {
			isa = PBXContainerItemProxy;
			containerPortal = 5F7238E01DB029070090C537 /* Project object */;
			proxyType = 1;
			remoteGlobalIDString = 5F7238E71DB029070090C537;
			remoteInfo = TDDToDo;
		};
/* End PBXContainerItemProxy section */

/* Begin PBXFileReference section */
		5F7238E81DB029070090C537 /* TDDToDo.app */ = {isa = PBXFileReference; explicitFileType = wrapper.application; includeInIndex = 0; path = TDDToDo.app; sourceTree = BUILT_PRODUCTS_DIR; };
		5F7238EB1DB029070090C537 /* AppDelegate.swift */ = {isa = PBXFileReference; lastKnownFileType = sourcecode.swift; path = AppDelegate.swift; sourceTree = "<group>"; };
		5F7238ED1DB029070090C537 /* ViewController.swift */ = {isa = PBXFileReference; lastKnownFileType = sourcecode.swift; path = ViewController.swift; sourceTree = "<group>"; };
		5F7238F01DB029070090C537 /* Base */ = {isa = PBXFileReference; lastKnownFileType = file.storyboard; name = Base; path = Base.lproj/Main.storyboard; sourceTree = "<group>"; };
		5F7238F21DB029070090C537 /* Assets.xcassets */ = {isa = PBXFileReference; lastKnownFileType = folder.assetcatalog; path = Assets.xcassets; sourceTree = "<group>"; };
		5F7238F51DB029070090C537 /* Base */ = {isa = PBXFileReference; lastKnownFileType = file.storyboard; name = Base; path = Base.lproj/LaunchScreen.storyboard; sourceTree = "<group>"; };
		5F7238F71DB029070090C537 /* Info.plist */ = {isa = PBXFileReference; lastKnownFileType = text.plist.xml; path = Info.plist; sourceTree = "<group>"; };
		5F7238FC1DB029070090C537 /* TDDToDoTests.xctest */ = {isa = PBXFileReference; explicitFileType = wrapper.cfbundle; includeInIndex = 0; path = TDDToDoTests.xctest; sourceTree = BUILT_PRODUCTS_DIR; };
		5F7239021DB029070090C537 /* Info.plist */ = {isa = PBXFileReference; lastKnownFileType = text.plist.xml; path = Info.plist; sourceTree = "<group>"; };
		5F72390B1DB02EE30090C537 /* ToDoItemTests.swift */ = {isa = PBXFileReference; fileEncoding = 4; lastKnownFileType = sourcecode.swift; name = ToDoItemTests.swift; path = Model/ToDoItemTests.swift; sourceTree = "<group>"; };
		5F72390F1DB032EA0090C537 /* ToDoItem.swift */ = {isa = PBXFileReference; fileEncoding = 4; lastKnownFileType = sourcecode.swift; path = ToDoItem.swift; sourceTree = "<group>"; };
		5F7239111DB03DF10090C537 /* Location.swift */ = {isa = PBXFileReference; fileEncoding = 4; lastKnownFileType = sourcecode.swift; path = Location.swift; sourceTree = "<group>"; };
		5F7239131DB040CA0090C537 /* LocationTests.swift */ = {isa = PBXFileReference; fileEncoding = 4; lastKnownFileType = sourcecode.swift; path = LocationTests.swift; sourceTree = "<group>"; };
		5F7239151DB049310090C537 /* ItemManagerTests.swift */ = {isa = PBXFileReference; fileEncoding = 4; lastKnownFileType = sourcecode.swift; path = ItemManagerTests.swift; sourceTree = "<group>"; };
		5F7239171DB04A170090C537 /* ItemManager.swift */ = {isa = PBXFileReference; fileEncoding = 4; lastKnownFileType = sourcecode.swift; path = ItemManager.swift; sourceTree = "<group>"; };
/* End PBXFileReference section */

/* Begin PBXFrameworksBuildPhase section */
		5F7238E51DB029070090C537 /* Frameworks */ = {
			isa = PBXFrameworksBuildPhase;
			buildActionMask = 2147483647;
			files = (
			);
			runOnlyForDeploymentPostprocessing = 0;
		};
		5F7238F91DB029070090C537 /* Frameworks */ = {
			isa = PBXFrameworksBuildPhase;
			buildActionMask = 2147483647;
			files = (
			);
			runOnlyForDeploymentPostprocessing = 0;
		};
/* End PBXFrameworksBuildPhase section */

/* Begin PBXGroup section */
		5F7238DF1DB029070090C537 = {
			isa = PBXGroup;
			children = (
				5F7238EA1DB029070090C537 /* TDDToDo */,
				5F7238FF1DB029070090C537 /* TDDToDoTests */,
				5F7238E91DB029070090C537 /* Products */,
			);
			sourceTree = "<group>";
		};
		5F7238E91DB029070090C537 /* Products */ = {
			isa = PBXGroup;
			children = (
				5F7238E81DB029070090C537 /* TDDToDo.app */,
				5F7238FC1DB029070090C537 /* TDDToDoTests.xctest */,
			);
			name = Products;
			sourceTree = "<group>";
		};
		5F7238EA1DB029070090C537 /* TDDToDo */ = {
			isa = PBXGroup;
			children = (
				5F72390E1DB032BF0090C537 /* Model */,
				5F7238EB1DB029070090C537 /* AppDelegate.swift */,
				5F7238ED1DB029070090C537 /* ViewController.swift */,
				5F7238EF1DB029070090C537 /* Main.storyboard */,
				5F7238F21DB029070090C537 /* Assets.xcassets */,
				5F7238F41DB029070090C537 /* LaunchScreen.storyboard */,
				5F7238F71DB029070090C537 /* Info.plist */,
			);
			path = TDDToDo;
			sourceTree = "<group>";
		};
		5F7238FF1DB029070090C537 /* TDDToDoTests */ = {
			isa = PBXGroup;
			children = (
				5F72390D1DB02F2F0090C537 /* Model */,
				5F7239021DB029070090C537 /* Info.plist */,
			);
			path = TDDToDoTests;
			sourceTree = "<group>";
		};
		5F72390D1DB02F2F0090C537 /* Model */ = {
			isa = PBXGroup;
			children = (
				5F72390B1DB02EE30090C537 /* ToDoItemTests.swift */,
				5F7239131DB040CA0090C537 /* LocationTests.swift */,
				5F7239151DB049310090C537 /* ItemManagerTests.swift */,
			);
			name = Model;
			sourceTree = "<group>";
		};
		5F72390E1DB032BF0090C537 /* Model */ = {
			isa = PBXGroup;
			children = (
				5F72390F1DB032EA0090C537 /* ToDoItem.swift */,
				5F7239111DB03DF10090C537 /* Location.swift */,
				5F7239171DB04A170090C537 /* ItemManager.swift */,
			);
			name = Model;
			sourceTree = "<group>";
		};
/* End PBXGroup section */

/* Begin PBXNativeTarget section */
		5F7238E71DB029070090C537 /* TDDToDo */ = {
			isa = PBXNativeTarget;
			buildConfigurationList = 5F7239051DB029070090C537 /* Build configuration list for PBXNativeTarget "TDDToDo" */;
			buildPhases = (
				5F7238E41DB029070090C537 /* Sources */,
				5F7238E51DB029070090C537 /* Frameworks */,
				5F7238E61DB029070090C537 /* Resources */,
			);
			buildRules = (
			);
			dependencies = (
			);
			name = TDDToDo;
			productName = TDDToDo;
			productReference = 5F7238E81DB029070090C537 /* TDDToDo.app */;
			productType = "com.apple.product-type.application";
		};
		5F7238FB1DB029070090C537 /* TDDToDoTests */ = {
			isa = PBXNativeTarget;
			buildConfigurationList = 5F7239081DB029070090C537 /* Build configuration list for PBXNativeTarget "TDDToDoTests" */;
			buildPhases = (
				5F7238F81DB029070090C537 /* Sources */,
				5F7238F91DB029070090C537 /* Frameworks */,
				5F7238FA1DB029070090C537 /* Resources */,
			);
			buildRules = (
			);
			dependencies = (
				5F7238FE1DB029070090C537 /* PBXTargetDependency */,
			);
			name = TDDToDoTests;
			productName = TDDToDoTests;
			productReference = 5F7238FC1DB029070090C537 /* TDDToDoTests.xctest */;
			productType = "com.apple.product-type.bundle.unit-test";
		};
/* End PBXNativeTarget section */

/* Begin PBXProject section */
		5F7238E01DB029070090C537 /* Project object */ = {
			isa = PBXProject;
			attributes = {
				LastSwiftUpdateCheck = 0800;
				LastUpgradeCheck = 0800;
				ORGANIZATIONNAME = "Skullgate Studios";
				TargetAttributes = {
					5F7238E71DB029070090C537 = {
						CreatedOnToolsVersion = 8.0;
						DevelopmentTeam = URHD54K7Z6;
						ProvisioningStyle = Automatic;
					};
					5F7238FB1DB029070090C537 = {
						CreatedOnToolsVersion = 8.0;
						DevelopmentTeam = URHD54K7Z6;
						ProvisioningStyle = Automatic;
						TestTargetID = 5F7238E71DB029070090C537;
					};
				};
			};
			buildConfigurationList = 5F7238E31DB029070090C537 /* Build configuration list for PBXProject "TDDToDo" */;
			compatibilityVersion = "Xcode 3.2";
			developmentRegion = English;
			hasScannedForEncodings = 0;
			knownRegions = (
				en,
				Base,
			);
			mainGroup = 5F7238DF1DB029070090C537;
			productRefGroup = 5F7238E91DB029070090C537 /* Products */;
			projectDirPath = "";
			projectRoot = "";
			targets = (
				5F7238E71DB029070090C537 /* TDDToDo */,
				5F7238FB1DB029070090C537 /* TDDToDoTests */,
			);
		};
/* End PBXProject section */

/* Begin PBXResourcesBuildPhase section */
		5F7238E61DB029070090C537 /* Resources */ = {
			isa = PBXResourcesBuildPhase;
			buildActionMask = 2147483647;
			files = (
				5F7238F61DB029070090C537 /* LaunchScreen.storyboard in Resources */,
				5F7238F31DB029070090C537 /* Assets.xcassets in Resources */,
				5F7238F11DB029070090C537 /* Main.storyboard in Resources */,
			);
			runOnlyForDeploymentPostprocessing = 0;
		};
		5F7238FA1DB029070090C537 /* Resources */ = {
			isa = PBXResourcesBuildPhase;
			buildActionMask = 2147483647;
			files = (
			);
			runOnlyForDeploymentPostprocessing = 0;
		};
/* End PBXResourcesBuildPhase section */

/* Begin PBXSourcesBuildPhase section */
		5F7238E41DB029070090C537 /* Sources */ = {
			isa = PBXSourcesBuildPhase;
			buildActionMask = 2147483647;
			files = (
				5F7238EE1DB029070090C537 /* ViewController.swift in Sources */,
				5F7239181DB04A170090C537 /* ItemManager.swift in Sources */,
				5F7238EC1DB029070090C537 /* AppDelegate.swift in Sources */,
				5F7239121DB03DF10090C537 /* Location.swift in Sources */,
				5F7239101DB032EA0090C537 /* ToDoItem.swift in Sources */,
			);
			runOnlyForDeploymentPostprocessing = 0;
		};
		5F7238F81DB029070090C537 /* Sources */ = {
			isa = PBXSourcesBuildPhase;
			buildActionMask = 2147483647;
			files = (
				5F7239161DB049310090C537 /* ItemManagerTests.swift in Sources */,
				5F7239141DB040CA0090C537 /* LocationTests.swift in Sources */,
				5F72390C1DB02EE30090C537 /* ToDoItemTests.swift in Sources */,
			);
			runOnlyForDeploymentPostprocessing = 0;
		};
/* End PBXSourcesBuildPhase section */

/* Begin PBXTargetDependency section */
		5F7238FE1DB029070090C537 /* PBXTargetDependency */ = {
			isa = PBXTargetDependency;
			target = 5F7238E71DB029070090C537 /* TDDToDo */;
			targetProxy = 5F7238FD1DB029070090C537 /* PBXContainerItemProxy */;
		};
/* End PBXTargetDependency section */

/* Begin PBXVariantGroup section */
		5F7238EF1DB029070090C537 /* Main.storyboard */ = {
			isa = PBXVariantGroup;
			children = (
				5F7238F01DB029070090C537 /* Base */,
			);
			name = Main.storyboard;
			sourceTree = "<group>";
		};
		5F7238F41DB029070090C537 /* LaunchScreen.storyboard */ = {
			isa = PBXVariantGroup;
			children = (
				5F7238F51DB029070090C537 /* Base */,
			);
			name = LaunchScreen.storyboard;
			sourceTree = "<group>";
		};
/* End PBXVariantGroup section */

/* Begin XCBuildConfiguration section */
		5F7239031DB029070090C537 /* Debug */ = {
			isa = XCBuildConfiguration;
			buildSettings = {
				ALWAYS_SEARCH_USER_PATHS = NO;
				CLANG_ANALYZER_NONNULL = YES;
				CLANG_CXX_LANGUAGE_STANDARD = "gnu++0x";
				CLANG_CXX_LIBRARY = "libc++";
				CLANG_ENABLE_MODULES = YES;
				CLANG_ENABLE_OBJC_ARC = YES;
				CLANG_WARN_BOOL_CONVERSION = YES;
				CLANG_WARN_CONSTANT_CONVERSION = YES;
				CLANG_WARN_DIRECT_OBJC_ISA_USAGE = YES_ERROR;
				CLANG_WARN_DOCUMENTATION_COMMENTS = YES;
				CLANG_WARN_EMPTY_BODY = YES;
				CLANG_WARN_ENUM_CONVERSION = YES;
				CLANG_WARN_INFINITE_RECURSION = YES;
				CLANG_WARN_INT_CONVERSION = YES;
				CLANG_WARN_OBJC_ROOT_CLASS = YES_ERROR;
				CLANG_WARN_SUSPICIOUS_MOVES = YES;
				CLANG_WARN_UNREACHABLE_CODE = YES;
				CLANG_WARN__DUPLICATE_METHOD_MATCH = YES;
				"CODE_SIGN_IDENTITY[sdk=iphoneos*]" = "iPhone Developer";
				COPY_PHASE_STRIP = NO;
				DEBUG_INFORMATION_FORMAT = dwarf;
				ENABLE_STRICT_OBJC_MSGSEND = YES;
				ENABLE_TESTABILITY = YES;
				GCC_C_LANGUAGE_STANDARD = gnu99;
				GCC_DYNAMIC_NO_PIC = NO;
				GCC_NO_COMMON_BLOCKS = YES;
				GCC_OPTIMIZATION_LEVEL = 0;
				GCC_PREPROCESSOR_DEFINITIONS = (
					"DEBUG=1",
					"$(inherited)",
				);
				GCC_WARN_64_TO_32_BIT_CONVERSION = YES;
				GCC_WARN_ABOUT_RETURN_TYPE = YES_ERROR;
				GCC_WARN_UNDECLARED_SELECTOR = YES;
				GCC_WARN_UNINITIALIZED_AUTOS = YES_AGGRESSIVE;
				GCC_WARN_UNUSED_FUNCTION = YES;
				GCC_WARN_UNUSED_VARIABLE = YES;
				IPHONEOS_DEPLOYMENT_TARGET = 10.0;
				MTL_ENABLE_DEBUG_INFO = YES;
				ONLY_ACTIVE_ARCH = YES;
				SDKROOT = iphoneos;
				SWIFT_ACTIVE_COMPILATION_CONDITIONS = DEBUG;
				SWIFT_OPTIMIZATION_LEVEL = "-Onone";
			};
			name = Debug;
		};
		5F7239041DB029070090C537 /* Release */ = {
			isa = XCBuildConfiguration;
			buildSettings = {
				ALWAYS_SEARCH_USER_PATHS = NO;
				CLANG_ANALYZER_NONNULL = YES;
				CLANG_CXX_LANGUAGE_STANDARD = "gnu++0x";
				CLANG_CXX_LIBRARY = "libc++";
				CLANG_ENABLE_MODULES = YES;
				CLANG_ENABLE_OBJC_ARC = YES;
				CLANG_WARN_BOOL_CONVERSION = YES;
				CLANG_WARN_CONSTANT_CONVERSION = YES;
				CLANG_WARN_DIRECT_OBJC_ISA_USAGE = YES_ERROR;
				CLANG_WARN_DOCUMENTATION_COMMENTS = YES;
				CLANG_WARN_EMPTY_BODY = YES;
				CLANG_WARN_ENUM_CONVERSION = YES;
				CLANG_WARN_INFINITE_RECURSION = YES;
				CLANG_WARN_INT_CONVERSION = YES;
				CLANG_WARN_OBJC_ROOT_CLASS = YES_ERROR;
				CLANG_WARN_SUSPICIOUS_MOVES = YES;
				CLANG_WARN_UNREACHABLE_CODE = YES;
				CLANG_WARN__DUPLICATE_METHOD_MATCH = YES;
				"CODE_SIGN_IDENTITY[sdk=iphoneos*]" = "iPhone Developer";
				COPY_PHASE_STRIP = NO;
				DEBUG_INFORMATION_FORMAT = "dwarf-with-dsym";
				ENABLE_NS_ASSERTIONS = NO;
				ENABLE_STRICT_OBJC_MSGSEND = YES;
				GCC_C_LANGUAGE_STANDARD = gnu99;
				GCC_NO_COMMON_BLOCKS = YES;
				GCC_WARN_64_TO_32_BIT_CONVERSION = YES;
				GCC_WARN_ABOUT_RETURN_TYPE = YES_ERROR;
				GCC_WARN_UNDECLARED_SELECTOR = YES;
				GCC_WARN_UNINITIALIZED_AUTOS = YES_AGGRESSIVE;
				GCC_WARN_UNUSED_FUNCTION = YES;
				GCC_WARN_UNUSED_VARIABLE = YES;
				IPHONEOS_DEPLOYMENT_TARGET = 10.0;
				MTL_ENABLE_DEBUG_INFO = NO;
				SDKROOT = iphoneos;
				SWIFT_OPTIMIZATION_LEVEL = "-Owholemodule";
				VALIDATE_PRODUCT = YES;
			};
			name = Release;
		};
		5F7239061DB029070090C537 /* Debug */ = {
			isa = XCBuildConfiguration;
			buildSettings = {
				ASSETCATALOG_COMPILER_APPICON_NAME = AppIcon;
				DEVELOPMENT_TEAM = URHD54K7Z6;
				INFOPLIST_FILE = TDDToDo/Info.plist;
				LD_RUNPATH_SEARCH_PATHS = "$(inherited) @executable_path/Frameworks";
				PRODUCT_BUNDLE_IDENTIFIER = com.skullgate.TDDToDo;
				PRODUCT_NAME = "$(TARGET_NAME)";
				SWIFT_VERSION = 3.0;
			};
			name = Debug;
		};
		5F7239071DB029070090C537 /* Release */ = {
			isa = XCBuildConfiguration;
			buildSettings = {
				ASSETCATALOG_COMPILER_APPICON_NAME = AppIcon;
				DEVELOPMENT_TEAM = URHD54K7Z6;
				INFOPLIST_FILE = TDDToDo/Info.plist;
				LD_RUNPATH_SEARCH_PATHS = "$(inherited) @executable_path/Frameworks";
				PRODUCT_BUNDLE_IDENTIFIER = com.skullgate.TDDToDo;
				PRODUCT_NAME = "$(TARGET_NAME)";
				SWIFT_VERSION = 3.0;
			};
			name = Release;
		};
		5F7239091DB029070090C537 /* Debug */ = {
			isa = XCBuildConfiguration;
			buildSettings = {
				ALWAYS_EMBED_SWIFT_STANDARD_LIBRARIES = YES;
				BUNDLE_LOADER = "$(TEST_HOST)";
				DEVELOPMENT_TEAM = URHD54K7Z6;
				INFOPLIST_FILE = TDDToDoTests/Info.plist;
				LD_RUNPATH_SEARCH_PATHS = "$(inherited) @executable_path/Frameworks @loader_path/Frameworks";
				PRODUCT_BUNDLE_IDENTIFIER = com.skullgate.TDDToDoTests;
				PRODUCT_NAME = "$(TARGET_NAME)";
				SWIFT_VERSION = 3.0;
				TEST_HOST = "$(BUILT_PRODUCTS_DIR)/TDDToDo.app/TDDToDo";
			};
			name = Debug;
		};
		5F72390A1DB029070090C537 /* Release */ = {
			isa = XCBuildConfiguration;
			buildSettings = {
				ALWAYS_EMBED_SWIFT_STANDARD_LIBRARIES = YES;
				BUNDLE_LOADER = "$(TEST_HOST)";
				DEVELOPMENT_TEAM = URHD54K7Z6;
				INFOPLIST_FILE = TDDToDoTests/Info.plist;
				LD_RUNPATH_SEARCH_PATHS = "$(inherited) @executable_path/Frameworks @loader_path/Frameworks";
				PRODUCT_BUNDLE_IDENTIFIER = com.skullgate.TDDToDoTests;
				PRODUCT_NAME = "$(TARGET_NAME)";
				SWIFT_VERSION = 3.0;
				TEST_HOST = "$(BUILT_PRODUCTS_DIR)/TDDToDo.app/TDDToDo";
			};
			name = Release;
		};
/* End XCBuildConfiguration section */

/* Begin XCConfigurationList section */
		5F7238E31DB029070090C537 /* Build configuration list for PBXProject "TDDToDo" */ = {
			isa = XCConfigurationList;
			buildConfigurations = (
				5F7239031DB029070090C537 /* Debug */,
				5F7239041DB029070090C537 /* Release */,
			);
			defaultConfigurationIsVisible = 0;
			defaultConfigurationName = Release;
		};
		5F7239051DB029070090C537 /* Build configuration list for PBXNativeTarget "TDDToDo" */ = {
			isa = XCConfigurationList;
			buildConfigurations = (
				5F7239061DB029070090C537 /* Debug */,
				5F7239071DB029070090C537 /* Release */,
			);
			defaultConfigurationIsVisible = 0;
		};
		5F7239081DB029070090C537 /* Build configuration list for PBXNativeTarget "TDDToDoTests" */ = {
			isa = XCConfigurationList;
			buildConfigurations = (
				5F7239091DB029070090C537 /* Debug */,
				5F72390A1DB029070090C537 /* Release */,
			);
			defaultConfigurationIsVisible = 0;
		};
/* End XCConfigurationList section */
	};
	rootObject = 5F7238E01DB029070090C537 /* Project object */;
}
